// !$*UTF8*$!
{
	archiveVersion = 1;
	classes = {
	};
	objectVersion = 50;
	objects = {

/* Begin PBXBuildFile section */
		BC25E516476BB8FEF95A032F /* Pods_Sticker_Friend_for_iOS.framework in Frameworks */ = {isa = PBXBuildFile; fileRef = 159FE88A7F172657FF9F6763 /* Pods_Sticker_Friend_for_iOS.framework */; };
		FAA81AA6219B9CF000781299 /* AppDelegate.swift in Sources */ = {isa = PBXBuildFile; fileRef = FAA81AA5219B9CF000781299 /* AppDelegate.swift */; };
		FAA81AA8219B9CF100781299 /* ViewController.swift in Sources */ = {isa = PBXBuildFile; fileRef = FAA81AA7219B9CF100781299 /* ViewController.swift */; };
		FAA81AAB219B9CF100781299 /* Main.storyboard in Resources */ = {isa = PBXBuildFile; fileRef = FAA81AA9219B9CF100781299 /* Main.storyboard */; };
		FAA81AB0219B9CF200781299 /* LaunchScreen.storyboard in Resources */ = {isa = PBXBuildFile; fileRef = FAA81AAE219B9CF200781299 /* LaunchScreen.storyboard */; };
		FAA81AB9219B9D3500781299 /* StickerPack.swift in Sources */ = {isa = PBXBuildFile; fileRef = FAA81AB7219B9D3500781299 /* StickerPack.swift */; };
		FAA81ABA219B9D3500781299 /* Sticker.swift in Sources */ = {isa = PBXBuildFile; fileRef = FAA81AB8219B9D3500781299 /* Sticker.swift */; };
		FAA81ABD219B9D5200781299 /* Limits.swift in Sources */ = {isa = PBXBuildFile; fileRef = FAA81ABB219B9D5200781299 /* Limits.swift */; };
		FAA81ABE219B9D5200781299 /* ImageData.swift in Sources */ = {isa = PBXBuildFile; fileRef = FAA81ABC219B9D5200781299 /* ImageData.swift */; };
		FAA81AC0219B9D7400781299 /* StickerPackManager.swift in Sources */ = {isa = PBXBuildFile; fileRef = FAA81ABF219B9D7400781299 /* StickerPackManager.swift */; };
		FAA81AC2219B9DB900781299 /* Interoperability.swift in Sources */ = {isa = PBXBuildFile; fileRef = FAA81AC1219B9DB900781299 /* Interoperability.swift */; };
		FAA81AC4219B9DE100781299 /* WebPManager.swift in Sources */ = {isa = PBXBuildFile; fileRef = FAA81AC3219B9DE100781299 /* WebPManager.swift */; };
		FAA81AF2219BA67000781299 /* StickerCell.swift in Sources */ = {isa = PBXBuildFile; fileRef = FAA81AF0219BA67000781299 /* StickerCell.swift */; };
		FAA81AF3219BA67000781299 /* StickerCell.xib in Resources */ = {isa = PBXBuildFile; fileRef = FAA81AF1219BA67000781299 /* StickerCell.xib */; };
		FAA81AF5219BA7DF00781299 /* Assets.xcassets in Resources */ = {isa = PBXBuildFile; fileRef = FAA81AF4219BA7DF00781299 /* Assets.xcassets */; };
		FAA81AF7219C48AE00781299 /* Teste.png in Resources */ = {isa = PBXBuildFile; fileRef = FAA81AF6219C48AD00781299 /* Teste.png */; };
/* End PBXBuildFile section */

/* Begin PBXFileReference section */
		159FE88A7F172657FF9F6763 /* Pods_Sticker_Friend_for_iOS.framework */ = {isa = PBXFileReference; explicitFileType = wrapper.framework; includeInIndex = 0; path = Pods_Sticker_Friend_for_iOS.framework; sourceTree = BUILT_PRODUCTS_DIR; };
		1C6B0034A7CA54E0AAF75C4A /* Pods-Sticker Friend for iOS.debug.xcconfig */ = {isa = PBXFileReference; includeInIndex = 1; lastKnownFileType = text.xcconfig; name = "Pods-Sticker Friend for iOS.debug.xcconfig"; path = "Pods/Target Support Files/Pods-Sticker Friend for iOS/Pods-Sticker Friend for iOS.debug.xcconfig"; sourceTree = "<group>"; };
		FAA81AA2219B9CF000781299 /* Sticker Friend for iOS.app */ = {isa = PBXFileReference; explicitFileType = wrapper.application; includeInIndex = 0; path = "Sticker Friend for iOS.app"; sourceTree = BUILT_PRODUCTS_DIR; };
		FAA81AA5219B9CF000781299 /* AppDelegate.swift */ = {isa = PBXFileReference; lastKnownFileType = sourcecode.swift; path = AppDelegate.swift; sourceTree = "<group>"; };
		FAA81AA7219B9CF100781299 /* ViewController.swift */ = {isa = PBXFileReference; lastKnownFileType = sourcecode.swift; path = ViewController.swift; sourceTree = "<group>"; };
		FAA81AAA219B9CF100781299 /* Base */ = {isa = PBXFileReference; lastKnownFileType = file.storyboard; name = Base; path = Base.lproj/Main.storyboard; sourceTree = "<group>"; };
		FAA81AAF219B9CF200781299 /* Base */ = {isa = PBXFileReference; lastKnownFileType = file.storyboard; name = Base; path = Base.lproj/LaunchScreen.storyboard; sourceTree = "<group>"; };
		FAA81AB1219B9CF300781299 /* Info.plist */ = {isa = PBXFileReference; lastKnownFileType = text.plist.xml; path = Info.plist; sourceTree = "<group>"; };
		FAA81AB7219B9D3500781299 /* StickerPack.swift */ = {isa = PBXFileReference; fileEncoding = 4; lastKnownFileType = sourcecode.swift; path = StickerPack.swift; sourceTree = "<group>"; };
		FAA81AB8219B9D3500781299 /* Sticker.swift */ = {isa = PBXFileReference; fileEncoding = 4; lastKnownFileType = sourcecode.swift; path = Sticker.swift; sourceTree = "<group>"; };
		FAA81ABB219B9D5200781299 /* Limits.swift */ = {isa = PBXFileReference; fileEncoding = 4; lastKnownFileType = sourcecode.swift; path = Limits.swift; sourceTree = "<group>"; };
		FAA81ABC219B9D5200781299 /* ImageData.swift */ = {isa = PBXFileReference; fileEncoding = 4; lastKnownFileType = sourcecode.swift; path = ImageData.swift; sourceTree = "<group>"; };
		FAA81ABF219B9D7400781299 /* StickerPackManager.swift */ = {isa = PBXFileReference; fileEncoding = 4; lastKnownFileType = sourcecode.swift; path = StickerPackManager.swift; sourceTree = "<group>"; };
		FAA81AC1219B9DB900781299 /* Interoperability.swift */ = {isa = PBXFileReference; fileEncoding = 4; lastKnownFileType = sourcecode.swift; path = Interoperability.swift; sourceTree = "<group>"; };
		FAA81AC3219B9DE100781299 /* WebPManager.swift */ = {isa = PBXFileReference; fileEncoding = 4; lastKnownFileType = sourcecode.swift; path = WebPManager.swift; sourceTree = "<group>"; };
		FAA81AF0219BA67000781299 /* StickerCell.swift */ = {isa = PBXFileReference; lastKnownFileType = sourcecode.swift; path = StickerCell.swift; sourceTree = "<group>"; };
		FAA81AF1219BA67000781299 /* StickerCell.xib */ = {isa = PBXFileReference; lastKnownFileType = file.xib; path = StickerCell.xib; sourceTree = "<group>"; };
		FAA81AF4219BA7DF00781299 /* Assets.xcassets */ = {isa = PBXFileReference; lastKnownFileType = folder.assetcatalog; path = Assets.xcassets; sourceTree = "<group>"; };
		FAA81AF6219C48AD00781299 /* Teste.png */ = {isa = PBXFileReference; lastKnownFileType = image.png; path = Teste.png; sourceTree = "<group>"; };
		FC986D07ADD74FB5725E9B2F /* Pods-Sticker Friend for iOS.release.xcconfig */ = {isa = PBXFileReference; includeInIndex = 1; lastKnownFileType = text.xcconfig; name = "Pods-Sticker Friend for iOS.release.xcconfig"; path = "Pods/Target Support Files/Pods-Sticker Friend for iOS/Pods-Sticker Friend for iOS.release.xcconfig"; sourceTree = "<group>"; };
/* End PBXFileReference section */

/* Begin PBXFrameworksBuildPhase section */
		FAA81A9F219B9CF000781299 /* Frameworks */ = {
			isa = PBXFrameworksBuildPhase;
			buildActionMask = 2147483647;
			files = (
				BC25E516476BB8FEF95A032F /* Pods_Sticker_Friend_for_iOS.framework in Frameworks */,
			);
			runOnlyForDeploymentPostprocessing = 0;
		};
/* End PBXFrameworksBuildPhase section */

/* Begin PBXGroup section */
		676881C492202C9F8917AEEF /* Frameworks */ = {
			isa = PBXGroup;
			children = (
				159FE88A7F172657FF9F6763 /* Pods_Sticker_Friend_for_iOS.framework */,
			);
			name = Frameworks;
			sourceTree = "<group>";
		};
		DF5B7F03B31619EE41B1C078 /* Pods */ = {
			isa = PBXGroup;
			children = (
				1C6B0034A7CA54E0AAF75C4A /* Pods-Sticker Friend for iOS.debug.xcconfig */,
				FC986D07ADD74FB5725E9B2F /* Pods-Sticker Friend for iOS.release.xcconfig */,
			);
			name = Pods;
			sourceTree = "<group>";
		};
		FAA81A99219B9CF000781299 = {
			isa = PBXGroup;
			children = (
				FAA81AA4219B9CF000781299 /* Sticker Friend for iOS */,
				FAA81AA3219B9CF000781299 /* Products */,
				DF5B7F03B31619EE41B1C078 /* Pods */,
				676881C492202C9F8917AEEF /* Frameworks */,
			);
			sourceTree = "<group>";
		};
		FAA81AA3219B9CF000781299 /* Products */ = {
			isa = PBXGroup;
			children = (
				FAA81AA2219B9CF000781299 /* Sticker Friend for iOS.app */,
			);
			name = Products;
			sourceTree = "<group>";
		};
		FAA81AA4219B9CF000781299 /* Sticker Friend for iOS */ = {
			isa = PBXGroup;
			children = (
				FAA81AED219BA5EE00781299 /* Model */,
				FAA81AEC219BA4C800781299 /* WhatsApp Files */,
				FAA81AA5219B9CF000781299 /* AppDelegate.swift */,
				FAA81AF4219BA7DF00781299 /* Assets.xcassets */,
				FAA81AA7219B9CF100781299 /* ViewController.swift */,
				FAA81AA9219B9CF100781299 /* Main.storyboard */,
				FAA81AF6219C48AD00781299 /* Teste.png */,
				FAA81AAE219B9CF200781299 /* LaunchScreen.storyboard */,
				FAA81AB1219B9CF300781299 /* Info.plist */,
			);
			path = "Sticker Friend for iOS";
			sourceTree = "<group>";
		};
		FAA81AEC219BA4C800781299 /* WhatsApp Files */ = {
			isa = PBXGroup;
			children = (
				FAA81AB8219B9D3500781299 /* Sticker.swift */,
				FAA81AC1219B9DB900781299 /* Interoperability.swift */,
				FAA81ABC219B9D5200781299 /* ImageData.swift */,
				FAA81ABF219B9D7400781299 /* StickerPackManager.swift */,
				FAA81AC3219B9DE100781299 /* WebPManager.swift */,
				FAA81ABB219B9D5200781299 /* Limits.swift */,
				FAA81AB7219B9D3500781299 /* StickerPack.swift */,
			);
			path = "WhatsApp Files";
			sourceTree = "<group>";
		};
		FAA81AED219BA5EE00781299 /* Model */ = {
			isa = PBXGroup;
			children = (
				FAA81AF0219BA67000781299 /* StickerCell.swift */,
				FAA81AF1219BA67000781299 /* StickerCell.xib */,
			);
			path = Model;
			sourceTree = "<group>";
		};
/* End PBXGroup section */

/* Begin PBXNativeTarget section */
		FAA81AA1219B9CF000781299 /* Sticker Friend for iOS */ = {
			isa = PBXNativeTarget;
			buildConfigurationList = FAA81AB4219B9CF300781299 /* Build configuration list for PBXNativeTarget "Sticker Friend for iOS" */;
			buildPhases = (
				B3D43DCBBAC0C6502B59A586 /* [CP] Check Pods Manifest.lock */,
				FAA81A9E219B9CF000781299 /* Sources */,
				FAA81A9F219B9CF000781299 /* Frameworks */,
				FAA81AA0219B9CF000781299 /* Resources */,
				56550E7D57E604768F9CDD22 /* [CP] Embed Pods Frameworks */,
			);
			buildRules = (
			);
			dependencies = (
			);
			name = "Sticker Friend for iOS";
			productName = "Sticker Friend for iOS";
			productReference = FAA81AA2219B9CF000781299 /* Sticker Friend for iOS.app */;
			productType = "com.apple.product-type.application";
		};
/* End PBXNativeTarget section */

/* Begin PBXProject section */
		FAA81A9A219B9CF000781299 /* Project object */ = {
			isa = PBXProject;
			attributes = {
				LastSwiftUpdateCheck = 1010;
				LastUpgradeCheck = 1010;
				ORGANIZATIONNAME = "João Leite";
				TargetAttributes = {
					FAA81AA1219B9CF000781299 = {
						CreatedOnToolsVersion = 10.1;
						LastSwiftMigration = 1010;
					};
				};
			};
			buildConfigurationList = FAA81A9D219B9CF000781299 /* Build configuration list for PBXProject "Sticker Friend for iOS" */;
			compatibilityVersion = "Xcode 9.3";
			developmentRegion = en;
			hasScannedForEncodings = 0;
			knownRegions = (
				en,
				Base,
			);
			mainGroup = FAA81A99219B9CF000781299;
			productRefGroup = FAA81AA3219B9CF000781299 /* Products */;
			projectDirPath = "";
			projectRoot = "";
			targets = (
				FAA81AA1219B9CF000781299 /* Sticker Friend for iOS */,
			);
		};
/* End PBXProject section */

/* Begin PBXResourcesBuildPhase section */
		FAA81AA0219B9CF000781299 /* Resources */ = {
			isa = PBXResourcesBuildPhase;
			buildActionMask = 2147483647;
			files = (
				FAA81AB0219B9CF200781299 /* LaunchScreen.storyboard in Resources */,
				FAA81AF7219C48AE00781299 /* Teste.png in Resources */,
				FAA81AF3219BA67000781299 /* StickerCell.xib in Resources */,
				FAA81AF5219BA7DF00781299 /* Assets.xcassets in Resources */,
				FAA81AAB219B9CF100781299 /* Main.storyboard in Resources */,
			);
			runOnlyForDeploymentPostprocessing = 0;
		};
/* End PBXResourcesBuildPhase section */

/* Begin PBXShellScriptBuildPhase section */
		56550E7D57E604768F9CDD22 /* [CP] Embed Pods Frameworks */ = {
			isa = PBXShellScriptBuildPhase;
			buildActionMask = 2147483647;
			files = (
			);
			inputFileListPaths = (
			);
			inputPaths = (
				"${SRCROOT}/Pods/Target Support Files/Pods-Sticker Friend for iOS/Pods-Sticker Friend for iOS-frameworks.sh",
				"${BUILT_PRODUCTS_DIR}/YYImage/YYImage.framework",
			);
			name = "[CP] Embed Pods Frameworks";
			outputFileListPaths = (
			);
			outputPaths = (
				"${TARGET_BUILD_DIR}/${FRAMEWORKS_FOLDER_PATH}/YYImage.framework",
			);
			runOnlyForDeploymentPostprocessing = 0;
			shellPath = /bin/sh;
			shellScript = "\"${SRCROOT}/Pods/Target Support Files/Pods-Sticker Friend for iOS/Pods-Sticker Friend for iOS-frameworks.sh\"\n";
			showEnvVarsInLog = 0;
		};
		B3D43DCBBAC0C6502B59A586 /* [CP] Check Pods Manifest.lock */ = {
			isa = PBXShellScriptBuildPhase;
			buildActionMask = 2147483647;
			files = (
			);
			inputFileListPaths = (
			);
			inputPaths = (
				"${PODS_PODFILE_DIR_PATH}/Podfile.lock",
				"${PODS_ROOT}/Manifest.lock",
			);
			name = "[CP] Check Pods Manifest.lock";
			outputFileListPaths = (
			);
			outputPaths = (
				"$(DERIVED_FILE_DIR)/Pods-Sticker Friend for iOS-checkManifestLockResult.txt",
			);
			runOnlyForDeploymentPostprocessing = 0;
			shellPath = /bin/sh;
			shellScript = "diff \"${PODS_PODFILE_DIR_PATH}/Podfile.lock\" \"${PODS_ROOT}/Manifest.lock\" > /dev/null\nif [ $? != 0 ] ; then\n    # print error to STDERR\n    echo \"error: The sandbox is not in sync with the Podfile.lock. Run 'pod install' or update your CocoaPods installation.\" >&2\n    exit 1\nfi\n# This output is used by Xcode 'outputs' to avoid re-running this script phase.\necho \"SUCCESS\" > \"${SCRIPT_OUTPUT_FILE_0}\"\n";
			showEnvVarsInLog = 0;
		};
/* End PBXShellScriptBuildPhase section */

/* Begin PBXSourcesBuildPhase section */
		FAA81A9E219B9CF000781299 /* Sources */ = {
			isa = PBXSourcesBuildPhase;
			buildActionMask = 2147483647;
			files = (
				FAA81ABD219B9D5200781299 /* Limits.swift in Sources */,
				FAA81AB9219B9D3500781299 /* StickerPack.swift in Sources */,
				FAA81ABA219B9D3500781299 /* Sticker.swift in Sources */,
				FAA81AF2219BA67000781299 /* StickerCell.swift in Sources */,
				FAA81AA8219B9CF100781299 /* ViewController.swift in Sources */,
				FAA81AC0219B9D7400781299 /* StickerPackManager.swift in Sources */,
				FAA81AA6219B9CF000781299 /* AppDelegate.swift in Sources */,
				FAA81ABE219B9D5200781299 /* ImageData.swift in Sources */,
				FAA81AC4219B9DE100781299 /* WebPManager.swift in Sources */,
				FAA81AC2219B9DB900781299 /* Interoperability.swift in Sources */,
			);
			runOnlyForDeploymentPostprocessing = 0;
		};
/* End PBXSourcesBuildPhase section */

/* Begin PBXVariantGroup section */
		FAA81AA9219B9CF100781299 /* Main.storyboard */ = {
			isa = PBXVariantGroup;
			children = (
				FAA81AAA219B9CF100781299 /* Base */,
			);
			name = Main.storyboard;
			sourceTree = "<group>";
		};
		FAA81AAE219B9CF200781299 /* LaunchScreen.storyboard */ = {
			isa = PBXVariantGroup;
			children = (
				FAA81AAF219B9CF200781299 /* Base */,
			);
			name = LaunchScreen.storyboard;
			sourceTree = "<group>";
		};
/* End PBXVariantGroup section */

/* Begin XCBuildConfiguration section */
		FAA81AB2219B9CF300781299 /* Debug */ = {
			isa = XCBuildConfiguration;
			buildSettings = {
				ALWAYS_SEARCH_USER_PATHS = NO;
				CLANG_ANALYZER_NONNULL = YES;
				CLANG_ANALYZER_NUMBER_OBJECT_CONVERSION = YES_AGGRESSIVE;
				CLANG_CXX_LANGUAGE_STANDARD = "gnu++14";
				CLANG_CXX_LIBRARY = "libc++";
				CLANG_ENABLE_MODULES = YES;
				CLANG_ENABLE_OBJC_ARC = YES;
				CLANG_ENABLE_OBJC_WEAK = YES;
				CLANG_WARN_BLOCK_CAPTURE_AUTORELEASING = YES;
				CLANG_WARN_BOOL_CONVERSION = YES;
				CLANG_WARN_COMMA = YES;
				CLANG_WARN_CONSTANT_CONVERSION = YES;
				CLANG_WARN_DEPRECATED_OBJC_IMPLEMENTATIONS = YES;
				CLANG_WARN_DIRECT_OBJC_ISA_USAGE = YES_ERROR;
				CLANG_WARN_DOCUMENTATION_COMMENTS = YES;
				CLANG_WARN_EMPTY_BODY = YES;
				CLANG_WARN_ENUM_CONVERSION = YES;
				CLANG_WARN_INFINITE_RECURSION = YES;
				CLANG_WARN_INT_CONVERSION = YES;
				CLANG_WARN_NON_LITERAL_NULL_CONVERSION = YES;
				CLANG_WARN_OBJC_IMPLICIT_RETAIN_SELF = YES;
				CLANG_WARN_OBJC_LITERAL_CONVERSION = YES;
				CLANG_WARN_OBJC_ROOT_CLASS = YES_ERROR;
				CLANG_WARN_RANGE_LOOP_ANALYSIS = YES;
				CLANG_WARN_STRICT_PROTOTYPES = YES;
				CLANG_WARN_SUSPICIOUS_MOVE = YES;
				CLANG_WARN_UNGUARDED_AVAILABILITY = YES_AGGRESSIVE;
				CLANG_WARN_UNREACHABLE_CODE = YES;
				CLANG_WARN__DUPLICATE_METHOD_MATCH = YES;
				CODE_SIGN_IDENTITY = "iPhone Developer";
				COPY_PHASE_STRIP = NO;
				DEBUG_INFORMATION_FORMAT = dwarf;
				ENABLE_STRICT_OBJC_MSGSEND = YES;
				ENABLE_TESTABILITY = YES;
				GCC_C_LANGUAGE_STANDARD = gnu11;
				GCC_DYNAMIC_NO_PIC = NO;
				GCC_NO_COMMON_BLOCKS = YES;
				GCC_OPTIMIZATION_LEVEL = 0;
				GCC_PREPROCESSOR_DEFINITIONS = (
					"DEBUG=1",
					"$(inherited)",
				);
				GCC_WARN_64_TO_32_BIT_CONVERSION = YES;
				GCC_WARN_ABOUT_RETURN_TYPE = YES_ERROR;
				GCC_WARN_UNDECLARED_SELECTOR = YES;
				GCC_WARN_UNINITIALIZED_AUTOS = YES_AGGRESSIVE;
				GCC_WARN_UNUSED_FUNCTION = YES;
				GCC_WARN_UNUSED_VARIABLE = YES;
				IPHONEOS_DEPLOYMENT_TARGET = 12.1;
				MTL_ENABLE_DEBUG_INFO = INCLUDE_SOURCE;
				MTL_FAST_MATH = YES;
				ONLY_ACTIVE_ARCH = YES;
				SDKROOT = iphoneos;
				SWIFT_ACTIVE_COMPILATION_CONDITIONS = DEBUG;
				SWIFT_OPTIMIZATION_LEVEL = "-Onone";
			};
			name = Debug;
		};
		FAA81AB3219B9CF300781299 /* Release */ = {
			isa = XCBuildConfiguration;
			buildSettings = {
				ALWAYS_SEARCH_USER_PATHS = NO;
				CLANG_ANALYZER_NONNULL = YES;
				CLANG_ANALYZER_NUMBER_OBJECT_CONVERSION = YES_AGGRESSIVE;
				CLANG_CXX_LANGUAGE_STANDARD = "gnu++14";
				CLANG_CXX_LIBRARY = "libc++";
				CLANG_ENABLE_MODULES = YES;
				CLANG_ENABLE_OBJC_ARC = YES;
				CLANG_ENABLE_OBJC_WEAK = YES;
				CLANG_WARN_BLOCK_CAPTURE_AUTORELEASING = YES;
				CLANG_WARN_BOOL_CONVERSION = YES;
				CLANG_WARN_COMMA = YES;
				CLANG_WARN_CONSTANT_CONVERSION = YES;
				CLANG_WARN_DEPRECATED_OBJC_IMPLEMENTATIONS = YES;
				CLANG_WARN_DIRECT_OBJC_ISA_USAGE = YES_ERROR;
				CLANG_WARN_DOCUMENTATION_COMMENTS = YES;
				CLANG_WARN_EMPTY_BODY = YES;
				CLANG_WARN_ENUM_CONVERSION = YES;
				CLANG_WARN_INFINITE_RECURSION = YES;
				CLANG_WARN_INT_CONVERSION = YES;
				CLANG_WARN_NON_LITERAL_NULL_CONVERSION = YES;
				CLANG_WARN_OBJC_IMPLICIT_RETAIN_SELF = YES;
				CLANG_WARN_OBJC_LITERAL_CONVERSION = YES;
				CLANG_WARN_OBJC_ROOT_CLASS = YES_ERROR;
				CLANG_WARN_RANGE_LOOP_ANALYSIS = YES;
				CLANG_WARN_STRICT_PROTOTYPES = YES;
				CLANG_WARN_SUSPICIOUS_MOVE = YES;
				CLANG_WARN_UNGUARDED_AVAILABILITY = YES_AGGRESSIVE;
				CLANG_WARN_UNREACHABLE_CODE = YES;
				CLANG_WARN__DUPLICATE_METHOD_MATCH = YES;
				CODE_SIGN_IDENTITY = "iPhone Developer";
				COPY_PHASE_STRIP = NO;
				DEBUG_INFORMATION_FORMAT = "dwarf-with-dsym";
				ENABLE_NS_ASSERTIONS = NO;
				ENABLE_STRICT_OBJC_MSGSEND = YES;
				GCC_C_LANGUAGE_STANDARD = gnu11;
				GCC_NO_COMMON_BLOCKS = YES;
				GCC_WARN_64_TO_32_BIT_CONVERSION = YES;
				GCC_WARN_ABOUT_RETURN_TYPE = YES_ERROR;
				GCC_WARN_UNDECLARED_SELECTOR = YES;
				GCC_WARN_UNINITIALIZED_AUTOS = YES_AGGRESSIVE;
				GCC_WARN_UNUSED_FUNCTION = YES;
				GCC_WARN_UNUSED_VARIABLE = YES;
				IPHONEOS_DEPLOYMENT_TARGET = 12.1;
				MTL_ENABLE_DEBUG_INFO = NO;
				MTL_FAST_MATH = YES;
				SDKROOT = iphoneos;
				SWIFT_COMPILATION_MODE = wholemodule;
				SWIFT_OPTIMIZATION_LEVEL = "-O";
				VALIDATE_PRODUCT = YES;
			};
			name = Release;
		};
		FAA81AB5219B9CF300781299 /* Debug */ = {
			isa = XCBuildConfiguration;
			baseConfigurationReference = 1C6B0034A7CA54E0AAF75C4A /* Pods-Sticker Friend for iOS.debug.xcconfig */;
			buildSettings = {
				ASSETCATALOG_COMPILER_APPICON_NAME = AppIcon;
				CLANG_ENABLE_MODULES = YES;
				CODE_SIGN_STYLE = Automatic;
				DEVELOPMENT_TEAM = EMX5WZVKLF;
				INFOPLIST_FILE = "Sticker Friend for iOS/Info.plist";
				LD_RUNPATH_SEARCH_PATHS = (
					"$(inherited)",
					"@executable_path/Frameworks",
				);
				PRODUCT_BUNDLE_IDENTIFIER = com.jpapps.stickerfriend;
				PRODUCT_NAME = "$(TARGET_NAME)";
				SWIFT_OPTIMIZATION_LEVEL = "-Onone";
				SWIFT_VERSION = 4.2;
				TARGETED_DEVICE_FAMILY = "1,2";
			};
			name = Debug;
		};
		FAA81AB6219B9CF300781299 /* Release */ = {
			isa = XCBuildConfiguration;
			baseConfigurationReference = FC986D07ADD74FB5725E9B2F /* Pods-Sticker Friend for iOS.release.xcconfig */;
			buildSettings = {
				ASSETCATALOG_COMPILER_APPICON_NAME = AppIcon;
				CLANG_ENABLE_MODULES = YES;
				CODE_SIGN_STYLE = Automatic;
				DEVELOPMENT_TEAM = EMX5WZVKLF;
				INFOPLIST_FILE = "Sticker Friend for iOS/Info.plist";
				LD_RUNPATH_SEARCH_PATHS = (
					"$(inherited)",
					"@executable_path/Frameworks",
				);
				PRODUCT_BUNDLE_IDENTIFIER = com.jpapps.stickerfriend;
				PRODUCT_NAME = "$(TARGET_NAME)";
				SWIFT_VERSION = 4.2;
				TARGETED_DEVICE_FAMILY = "1,2";
			};
			name = Release;
		};
/* End XCBuildConfiguration section */

/* Begin XCConfigurationList section */
		FAA81A9D219B9CF000781299 /* Build configuration list for PBXProject "Sticker Friend for iOS" */ = {
			isa = XCConfigurationList;
			buildConfigurations = (
				FAA81AB2219B9CF300781299 /* Debug */,
				FAA81AB3219B9CF300781299 /* Release */,
			);
			defaultConfigurationIsVisible = 0;
			defaultConfigurationName = Release;
		};
		FAA81AB4219B9CF300781299 /* Build configuration list for PBXNativeTarget "Sticker Friend for iOS" */ = {
			isa = XCConfigurationList;
			buildConfigurations = (
				FAA81AB5219B9CF300781299 /* Debug */,
				FAA81AB6219B9CF300781299 /* Release */,
			);
			defaultConfigurationIsVisible = 0;
			defaultConfigurationName = Release;
		};
/* End XCConfigurationList section */
	};
	rootObject = FAA81A9A219B9CF000781299 /* Project object */;
}
